
Microsoft Visual Studio Solution File, Format Version 12.00
# Visual Studio 15
VisualStudioVersion = 15.0.28010.2036
MinimumVisualStudioVersion = 10.0.40219.1
Project("{FAE04EC0-301F-11D3-BF4B-00C04F79EFBC}") = "ParticleDemo", "ParticleDemo\ParticleDemo.csproj", "{2915BA8A-C63B-4916-8A08-17BF2A389EEF}"
EndProject
Global
	GlobalSection(SolutionConfigurationPlatforms) = preSolution
		Debug|Any CPU = Debug|Any CPU
		Release|Any CPU = Release|Any CPU
	EndGlobalSection
	GlobalSection(ProjectConfigurationPlatforms) = postSolution
		{2915BA8A-C63B-4916-8A08-17BF2A389EEF}.Debug|Any CPU.ActiveCfg = Debug|Any CPU
		{2915BA8A-C63B-4916-8A08-17BF2A389EEF}.Debug|Any CPU.Build.0 = Debug|Any CPU
		{2915BA8A-C63B-4916-8A08-17BF2A389EEF}.Debug|Any CPU.Deploy.0 = Debug|Any CPU
		{2915BA8A-C63B-4916-8A08-17BF2A389EEF}.Release|Any CPU.ActiveCfg = Release|Any CPU
		{2915BA8A-C63B-4916-8A08-17BF2A389EEF}.Release|Any CPU.Build.0 = Release|Any CPU
		{2915BA8A-C63B-4916-8A08-17BF2A389EEF}.Release|Any CPU.Deploy.0 = Release|Any CPU
	EndGlobalSection
	GlobalSection(SolutionProperties) = preSolution
		HideSolutionNode = FALSE
	EndGlobalSection
	GlobalSection(ExtensibilityGlobals) = postSolution
		SolutionGuid = {B4F6A336-5F9D-4CC1-9C61-786DF8DB25CA}
	EndGlobalSection
EndGlobal
